
Microsoft Visual Studio Solution File, Format Version 12.00
# Visual Studio 2012
Project("{FAE04EC0-301F-11D3-BF4B-00C04F79EFBC}") = "CGtk", "CGtk\CGtk.csproj", "{6064A9E7-5D2A-4D23-905A-1337C8D02D7E}"
EndProject
Global
	GlobalSection(SolutionConfigurationPlatforms) = preSolution
		Debug|x86 = Debug|x86
		Release|x86 = Release|x86
	EndGlobalSection
	GlobalSection(ProjectConfigurationPlatforms) = postSolution
		{6064A9E7-5D2A-4D23-905A-1337C8D02D7E}.Debug|x86.ActiveCfg = Debug|x86
		{6064A9E7-5D2A-4D23-905A-1337C8D02D7E}.Debug|x86.Build.0 = Debug|x86
		{6064A9E7-5D2A-4D23-905A-1337C8D02D7E}.Release|x86.ActiveCfg = Release|x86
		{6064A9E7-5D2A-4D23-905A-1337C8D02D7E}.Release|x86.Build.0 = Release|x86
	EndGlobalSection
EndGlobal
