
Microsoft Visual Studio Solution File, Format Version 12.00
# Visual Studio 2012
Project("{FAE04EC0-301F-11D3-BF4B-00C04F79EFBC}") = "CBingo", "CBingo\CBingo.csproj", "{1FA03A3C-D8CA-48BF-92C7-09E2743B5A8C}"
EndProject
Global
	GlobalSection(SolutionConfigurationPlatforms) = preSolution
		Debug|x86 = Debug|x86
		Release|x86 = Release|x86
	EndGlobalSection
	GlobalSection(ProjectConfigurationPlatforms) = postSolution
		{1FA03A3C-D8CA-48BF-92C7-09E2743B5A8C}.Debug|x86.ActiveCfg = Debug|x86
		{1FA03A3C-D8CA-48BF-92C7-09E2743B5A8C}.Debug|x86.Build.0 = Debug|x86
		{1FA03A3C-D8CA-48BF-92C7-09E2743B5A8C}.Release|x86.ActiveCfg = Release|x86
		{1FA03A3C-D8CA-48BF-92C7-09E2743B5A8C}.Release|x86.Build.0 = Release|x86
	EndGlobalSection
EndGlobal
